<?xml version="1.0" encoding="utf-8"?>
<Project ToolsVersion="4.0" xmlns="http://schemas.microsoft.com/developer/msbuild/2003">
  <ItemGroup>
    <Filter Include="Header Files">
      <UniqueIdentifier>{8429ae2a-dd36-4c94-9dfc-aa94fa7f5219}</UniqueIdentifier>
    </Filter>
    <Filter Include="Source Files">
      <UniqueIdentifier>{535e949b-4cd8-4c39-9b0e-5c0c4e03d93b}</UniqueIdentifier>
    </Filter>
    <Filter Include="TwinCAT RT Files">
      <UniqueIdentifier>{7262bf80-9d84-48e2-9849-87fab69aef33}</UniqueIdentifier>
    </Filter>
    <Filter Include="TwinCAT OS Files">
      <UniqueIdentifier>{15e60350-90d9-4afb-89e4-f98e84158ecd}</UniqueIdentifier>
    </Filter>
    <Filter Include="TMC Files">
      <UniqueIdentifier>{95ade278-0d52-4af4-bf10-1d961dacfe51}</UniqueIdentifier>
    </Filter>
  </ItemGroup>
  <ItemGroup>
    <ClInclude Include="TcPch.h">
      <Filter>Header Files</Filter>
    </ClInclude>
    <ClInclude Include="ADS_GamepadClassFactory.h">
      <Filter>Header Files</Filter>
    </ClInclude>
    <ClInclude Include="ADS_GamepadInterfaces.h">
      <Filter>Header Files</Filter>
    </ClInclude>
    <ClInclude Include="ADS_GamepadServices.h">
      <Filter>Header Files</Filter>
    </ClInclude>
    <ClInclude Include="ADS_GamepadDriver.h">
      <Filter>TwinCAT RT Files</Filter>
    </ClInclude>
    <ClInclude Include="Gamepad.h">
      <Filter>Header Files</Filter>
    </ClInclude>
  </ItemGroup>
  <ItemGroup>
    <ClCompile Include="TcPch.cpp">
      <Filter>Source Files</Filter>
    </ClCompile>
    <ClCompile Include="ADS_GamepadClassFactory.cpp">
      <Filter>Source Files</Filter>
    </ClCompile>
    <ClCompile Include="ADS_GamepadDriver.cpp">
      <Filter>TwinCAT RT Files</Filter>
    </ClCompile>
    <ClCompile Include="ADS_GamepadMain.cpp">
      <Filter>TwinCAT OS Files</Filter>
    </ClCompile>
    <ClCompile Include="Gamepad.cpp">
      <Filter>Source Files</Filter>
    </ClCompile>
  </ItemGroup>
  <ItemGroup>
    <ResourceCompile Include="ADS_Gamepad.rc">
      <Filter>Source Files</Filter>
    </ResourceCompile>
  </ItemGroup>
  <ItemGroup>
    <None Include="ADS_Gamepad.tmc">
      <Filter>TMC Files</Filter>
    </None>
  </ItemGroup>
</Project>